
Microsoft Visual Studio Solution File, Format Version 11.00
# Visual Studio 2010
Project("{FAE04EC0-301F-11D3-BF4B-00C04F79EFBC}") = "tanya", "tanya\tanya.csproj", "{6A8BAA3D-759C-4B05-80A0-C717BA2AB27D}"
EndProject
Global
	GlobalSection(SolutionConfigurationPlatforms) = preSolution
		Debug|Any CPU = Debug|Any CPU
		Release|Any CPU = Release|Any CPU
	EndGlobalSection
	GlobalSection(ProjectConfigurationPlatforms) = postSolution
		{6A8BAA3D-759C-4B05-80A0-C717BA2AB27D}.Debug|Any CPU.ActiveCfg = Debug|Any CPU
		{6A8BAA3D-759C-4B05-80A0-C717BA2AB27D}.Debug|Any CPU.Build.0 = Debug|Any CPU
		{6A8BAA3D-759C-4B05-80A0-C717BA2AB27D}.Release|Any CPU.ActiveCfg = Release|Any CPU
		{6A8BAA3D-759C-4B05-80A0-C717BA2AB27D}.Release|Any CPU.Build.0 = Release|Any CPU
	EndGlobalSection
	GlobalSection(SolutionProperties) = preSolution
		HideSolutionNode = FALSE
	EndGlobalSection
EndGlobal
